// !$*UTF8*$!
{
    archiveVersion = 1;
    classes = {};
    objectVersion = 46;
    rootObject = __RootObject_;
    objects = {
        __RootObject_ = {
            isa = PBXProject;
            attributes = {LastUpgradeCheck = 9999;};
            buildConfigurationList = ___RootConfs_;
            compatibilityVersion = 'Xcode 3.2';
            developmentRegion = English;
            hasScannedForEncodings = 0;
            knownRegions = (en);
            mainGroup = ___RootGroup_;
            productRefGroup = ____Products_;
            projectDirPath = '';
            projectRoot = '';
            targets = (______Target_Node, ______Target_NodeFoundation, ______Target_NodeTestSuite, ______Target_NodeFoundationTestSuite);
        };
        '__PBXFileRef_Package.swift' = {
            isa = PBXFileReference;
            lastKnownFileType = sourcecode.swift;
            name = 'Package.swift';
            path = 'Package.swift';
            sourceTree = '<group>';
        };
        ___RootGroup_ = {
            isa = PBXGroup;
            children = ('__PBXFileRef_Package.swift', _____Configs_, _____Sources_, Dependencies_, _______Tests_, ____Products_);
            sourceTree = '<group>';
        };
        _______Group_Node = {
            isa = PBXGroup;
            name = Node;
            path = 'Sources/Node';
            sourceTree = '<group>';
            children = ('__PBXFileRef_Sources/Node/Core/Node+Subscripting.swift', '__PBXFileRef_Sources/Node/Core/Node.swift', '__PBXFileRef_Sources/Node/Core/NodeConvertible.swift', '__PBXFileRef_Sources/Node/Core/NodeIndexable.swift', '__PBXFileRef_Sources/Node/Core/NodeRepresentation.swift', '__PBXFileRef_Sources/Node/Utility/CollectionInitializers.swift', '__PBXFileRef_Sources/Node/Utility/ConvertibleInitializers.swift', '__PBXFileRef_Sources/Node/Utility/Errors.swift', '__PBXFileRef_Sources/Node/Utility/Logging.swift');
        };
        '__PBXFileRef_Sources/Node/Core/Node+Subscripting.swift' = {
            isa = PBXFileReference;
            lastKnownFileType = sourcecode.swift;
            name = 'Core/Node+Subscripting.swift';
            sourceTree = '<group>';
        };
        '__PBXFileRef_Sources/Node/Core/Node.swift' = {
            isa = PBXFileReference;
            lastKnownFileType = sourcecode.swift;
            name = 'Core/Node.swift';
            sourceTree = '<group>';
        };
        '__PBXFileRef_Sources/Node/Core/NodeConvertible.swift' = {
            isa = PBXFileReference;
            lastKnownFileType = sourcecode.swift;
            name = 'Core/NodeConvertible.swift';
            sourceTree = '<group>';
        };
        '__PBXFileRef_Sources/Node/Core/NodeIndexable.swift' = {
            isa = PBXFileReference;
            lastKnownFileType = sourcecode.swift;
            name = 'Core/NodeIndexable.swift';
            sourceTree = '<group>';
        };
        '__PBXFileRef_Sources/Node/Core/NodeRepresentation.swift' = {
            isa = PBXFileReference;
            lastKnownFileType = sourcecode.swift;
            name = 'Core/NodeRepresentation.swift';
            sourceTree = '<group>';
        };
        '__PBXFileRef_Sources/Node/Utility/CollectionInitializers.swift' = {
            isa = PBXFileReference;
            lastKnownFileType = sourcecode.swift;
            name = 'Utility/CollectionInitializers.swift';
            sourceTree = '<group>';
        };
        '__PBXFileRef_Sources/Node/Utility/ConvertibleInitializers.swift' = {
            isa = PBXFileReference;
            lastKnownFileType = sourcecode.swift;
            name = 'Utility/ConvertibleInitializers.swift';
            sourceTree = '<group>';
        };
        '__PBXFileRef_Sources/Node/Utility/Errors.swift' = {
            isa = PBXFileReference;
            lastKnownFileType = sourcecode.swift;
            name = 'Utility/Errors.swift';
            sourceTree = '<group>';
        };
        '__PBXFileRef_Sources/Node/Utility/Logging.swift' = {
            isa = PBXFileReference;
            lastKnownFileType = sourcecode.swift;
            name = 'Utility/Logging.swift';
            sourceTree = '<group>';
        };
        ______Target_Node = {
            isa = PBXNativeTarget;
            buildConfigurationList = _______Confs_Node;
            buildPhases = (CompilePhase_Node, ___LinkPhase_Node);
            buildRules = ();
            dependencies = ();
            name = Node;
            productName = Node;
            productReference = _____Product_Node;
            productType = 'com.apple.product-type.library.dynamic';
        };
        _____Product_Node = {
            isa = PBXFileReference;
            explicitFileType = 'compiled.mach-o.dylib';
            path = 'libNode.dylib';
            sourceTree = BUILT_PRODUCTS_DIR;
        };
        CompilePhase_Node = {
            isa = PBXSourcesBuildPhase;
            files = ('__src_cc_ref_Sources/Node/Core/Node+Subscripting.swift', '__src_cc_ref_Sources/Node/Core/Node.swift', '__src_cc_ref_Sources/Node/Core/NodeConvertible.swift', '__src_cc_ref_Sources/Node/Core/NodeIndexable.swift', '__src_cc_ref_Sources/Node/Core/NodeRepresentation.swift', '__src_cc_ref_Sources/Node/Utility/CollectionInitializers.swift', '__src_cc_ref_Sources/Node/Utility/ConvertibleInitializers.swift', '__src_cc_ref_Sources/Node/Utility/Errors.swift', '__src_cc_ref_Sources/Node/Utility/Logging.swift');
            runOnlyForDeploymentPostprocessing = 0;
        };
        '__src_cc_ref_Sources/Node/Core/Node+Subscripting.swift' = {
            isa = PBXBuildFile;
            fileRef = '__PBXFileRef_Sources/Node/Core/Node+Subscripting.swift';
        };
        '__src_cc_ref_Sources/Node/Core/Node.swift' = {
            isa = PBXBuildFile;
            fileRef = '__PBXFileRef_Sources/Node/Core/Node.swift';
        };
        '__src_cc_ref_Sources/Node/Core/NodeConvertible.swift' = {
            isa = PBXBuildFile;
            fileRef = '__PBXFileRef_Sources/Node/Core/NodeConvertible.swift';
        };
        '__src_cc_ref_Sources/Node/Core/NodeIndexable.swift' = {
            isa = PBXBuildFile;
            fileRef = '__PBXFileRef_Sources/Node/Core/NodeIndexable.swift';
        };
        '__src_cc_ref_Sources/Node/Core/NodeRepresentation.swift' = {
            isa = PBXBuildFile;
            fileRef = '__PBXFileRef_Sources/Node/Core/NodeRepresentation.swift';
        };
        '__src_cc_ref_Sources/Node/Utility/CollectionInitializers.swift' = {
            isa = PBXBuildFile;
            fileRef = '__PBXFileRef_Sources/Node/Utility/CollectionInitializers.swift';
        };
        '__src_cc_ref_Sources/Node/Utility/ConvertibleInitializers.swift' = {
            isa = PBXBuildFile;
            fileRef = '__PBXFileRef_Sources/Node/Utility/ConvertibleInitializers.swift';
        };
        '__src_cc_ref_Sources/Node/Utility/Errors.swift' = {
            isa = PBXBuildFile;
            fileRef = '__PBXFileRef_Sources/Node/Utility/Errors.swift';
        };
        '__src_cc_ref_Sources/Node/Utility/Logging.swift' = {
            isa = PBXBuildFile;
            fileRef = '__PBXFileRef_Sources/Node/Utility/Logging.swift';
        };
        ___LinkPhase_Node = {
            isa = PBXFrameworksBuildPhase;
            files = ();
            runOnlyForDeploymentPostprocessing = 0;
        };
        _______Confs_Node = {
            isa = XCConfigurationList;
            buildConfigurations = (___DebugConf_Node, _ReleaseConf_Node);
            defaultConfigurationIsVisible = 0;
            defaultConfigurationName = Debug;
        };
        ___DebugConf_Node = {
            isa = XCBuildConfiguration;
            buildSettings = { LD_RUNPATH_SEARCH_PATHS = '$(TOOLCHAIN_DIR)/usr/lib/swift/macosx'; PRODUCT_MODULE_NAME = '$(TARGET_NAME:c99extidentifier)'; ENABLE_TESTABILITY = 'YES'; OTHER_SWIFT_FLAGS = '$(inherited)'; SWIFT_OPTIMIZATION_LEVEL = '-Onone'; OTHER_LDFLAGS = '$(inherited)'; PRODUCT_NAME = 'lib$(TARGET_NAME)'; };
            name = Debug;
        };
        _ReleaseConf_Node = {
            isa = XCBuildConfiguration;
            buildSettings = { LD_RUNPATH_SEARCH_PATHS = '$(TOOLCHAIN_DIR)/usr/lib/swift/macosx'; PRODUCT_MODULE_NAME = '$(TARGET_NAME:c99extidentifier)'; ENABLE_TESTABILITY = 'YES'; OTHER_LDFLAGS = '$(inherited)'; PRODUCT_NAME = 'lib$(TARGET_NAME)'; OTHER_SWIFT_FLAGS = '$(inherited)'; };
            name = Release;
        };
        __Dependency_Node = {
            isa = PBXTargetDependency;
            target = ______Target_Node;
        };
        _______Group_NodeFoundation = {
            isa = PBXGroup;
            name = NodeFoundation;
            path = 'Sources/NodeFoundation';
            sourceTree = '<group>';
            children = ('__PBXFileRef_Sources/NodeFoundation/Node+Foundation.swift');
        };
        '__PBXFileRef_Sources/NodeFoundation/Node+Foundation.swift' = {
            isa = PBXFileReference;
            lastKnownFileType = sourcecode.swift;
            name = 'Node+Foundation.swift';
            sourceTree = '<group>';
        };
        ______Target_NodeFoundation = {
            isa = PBXNativeTarget;
            buildConfigurationList = _______Confs_NodeFoundation;
            buildPhases = (CompilePhase_NodeFoundation, ___LinkPhase_NodeFoundation);
            buildRules = ();
            dependencies = (__Dependency_Node);
            name = NodeFoundation;
            productName = NodeFoundation;
            productReference = _____Product_NodeFoundation;
            productType = 'com.apple.product-type.library.dynamic';
        };
        _____Product_NodeFoundation = {
            isa = PBXFileReference;
            explicitFileType = 'compiled.mach-o.dylib';
            path = 'libNodeFoundation.dylib';
            sourceTree = BUILT_PRODUCTS_DIR;
        };
        CompilePhase_NodeFoundation = {
            isa = PBXSourcesBuildPhase;
            files = ('__src_cc_ref_Sources/NodeFoundation/Node+Foundation.swift');
            runOnlyForDeploymentPostprocessing = 0;
        };
        '__src_cc_ref_Sources/NodeFoundation/Node+Foundation.swift' = {
            isa = PBXBuildFile;
            fileRef = '__PBXFileRef_Sources/NodeFoundation/Node+Foundation.swift';
        };
        ___LinkPhase_NodeFoundation = {
            isa = PBXFrameworksBuildPhase;
            files = (_LinkFileRef_Node_via_NodeFoundation);
            runOnlyForDeploymentPostprocessing = 0;
        };
        _LinkFileRef_Node_via_NodeFoundation = {
            isa = PBXBuildFile;
            fileRef = _____Product_Node;
        };
        _______Confs_NodeFoundation = {
            isa = XCConfigurationList;
            buildConfigurations = (___DebugConf_NodeFoundation, _ReleaseConf_NodeFoundation);
            defaultConfigurationIsVisible = 0;
            defaultConfigurationName = Debug;
        };
        ___DebugConf_NodeFoundation = {
            isa = XCBuildConfiguration;
            buildSettings = { LD_RUNPATH_SEARCH_PATHS = '$(TOOLCHAIN_DIR)/usr/lib/swift/macosx'; PRODUCT_MODULE_NAME = '$(TARGET_NAME:c99extidentifier)'; ENABLE_TESTABILITY = 'YES'; OTHER_SWIFT_FLAGS = '$(inherited)'; SWIFT_OPTIMIZATION_LEVEL = '-Onone'; OTHER_LDFLAGS = '$(inherited)'; PRODUCT_NAME = 'lib$(TARGET_NAME)'; };
            name = Debug;
        };
        _ReleaseConf_NodeFoundation = {
            isa = XCBuildConfiguration;
            buildSettings = { LD_RUNPATH_SEARCH_PATHS = '$(TOOLCHAIN_DIR)/usr/lib/swift/macosx'; PRODUCT_MODULE_NAME = '$(TARGET_NAME:c99extidentifier)'; ENABLE_TESTABILITY = 'YES'; OTHER_LDFLAGS = '$(inherited)'; PRODUCT_NAME = 'lib$(TARGET_NAME)'; OTHER_SWIFT_FLAGS = '$(inherited)'; };
            name = Release;
        };
        __Dependency_NodeFoundation = {
            isa = PBXTargetDependency;
            target = ______Target_NodeFoundation;
        };
        _______Group_NodeTestSuite = {
            isa = PBXGroup;
            name = NodeTestSuite;
            path = 'Tests/Node';
            sourceTree = '<group>';
            children = ('__PBXFileRef_Tests/Node/DictionaryKeyPathTests.swift', '__PBXFileRef_Tests/Node/NodeDataTypeTest.swift', '__PBXFileRef_Tests/Node/NodeIndexable.swift');
        };
        '__PBXFileRef_Tests/Node/DictionaryKeyPathTests.swift' = {
            isa = PBXFileReference;
            lastKnownFileType = sourcecode.swift;
            name = 'DictionaryKeyPathTests.swift';
            sourceTree = '<group>';
        };
        '__PBXFileRef_Tests/Node/NodeDataTypeTest.swift' = {
            isa = PBXFileReference;
            lastKnownFileType = sourcecode.swift;
            name = 'NodeDataTypeTest.swift';
            sourceTree = '<group>';
        };
        '__PBXFileRef_Tests/Node/NodeIndexable.swift' = {
            isa = PBXFileReference;
            lastKnownFileType = sourcecode.swift;
            name = 'NodeIndexable.swift';
            sourceTree = '<group>';
        };
        ______Target_NodeTestSuite = {
            isa = PBXNativeTarget;
            buildConfigurationList = _______Confs_NodeTestSuite;
            buildPhases = (CompilePhase_NodeTestSuite, ___LinkPhase_NodeTestSuite);
            buildRules = ();
            dependencies = (__Dependency_Node);
            name = NodeTestSuite;
            productName = NodeTestSuite;
            productReference = _____Product_NodeTestSuite;
            productType = 'com.apple.product-type.bundle.unit-test';
        };
        _____Product_NodeTestSuite = {
            isa = PBXFileReference;
            explicitFileType = 'compiled.mach-o.wrapper.cfbundle';
            path = 'NodeTestSuite.xctest';
            sourceTree = BUILT_PRODUCTS_DIR;
        };
        CompilePhase_NodeTestSuite = {
            isa = PBXSourcesBuildPhase;
            files = ('__src_cc_ref_Tests/Node/DictionaryKeyPathTests.swift', '__src_cc_ref_Tests/Node/NodeDataTypeTest.swift', '__src_cc_ref_Tests/Node/NodeIndexable.swift');
            runOnlyForDeploymentPostprocessing = 0;
        };
        '__src_cc_ref_Tests/Node/DictionaryKeyPathTests.swift' = {
            isa = PBXBuildFile;
            fileRef = '__PBXFileRef_Tests/Node/DictionaryKeyPathTests.swift';
        };
        '__src_cc_ref_Tests/Node/NodeDataTypeTest.swift' = {
            isa = PBXBuildFile;
            fileRef = '__PBXFileRef_Tests/Node/NodeDataTypeTest.swift';
        };
        '__src_cc_ref_Tests/Node/NodeIndexable.swift' = {
            isa = PBXBuildFile;
            fileRef = '__PBXFileRef_Tests/Node/NodeIndexable.swift';
        };
        ___LinkPhase_NodeTestSuite = {
            isa = PBXFrameworksBuildPhase;
            files = (_LinkFileRef_Node_via_NodeTestSuite);
            runOnlyForDeploymentPostprocessing = 0;
        };
        _LinkFileRef_Node_via_NodeTestSuite = {
            isa = PBXBuildFile;
            fileRef = _____Product_Node;
        };
        _______Confs_NodeTestSuite = {
            isa = XCConfigurationList;
            buildConfigurations = (___DebugConf_NodeTestSuite, _ReleaseConf_NodeTestSuite);
            defaultConfigurationIsVisible = 0;
            defaultConfigurationName = Debug;
        };
        ___DebugConf_NodeTestSuite = {
            isa = XCBuildConfiguration;
            buildSettings = { LD_RUNPATH_SEARCH_PATHS = '@loader_path/../Frameworks'; EMBEDDED_CONTENT_CONTAINS_SWIFT = 'YES'; OTHER_LDFLAGS = '$(inherited)'; OTHER_SWIFT_FLAGS = '$(inherited)'; SWIFT_OPTIMIZATION_LEVEL = '-Onone'; };
            name = Debug;
        };
        _ReleaseConf_NodeTestSuite = {
            isa = XCBuildConfiguration;
            buildSettings = { LD_RUNPATH_SEARCH_PATHS = '@loader_path/../Frameworks'; EMBEDDED_CONTENT_CONTAINS_SWIFT = 'YES'; OTHER_LDFLAGS = '$(inherited)'; OTHER_SWIFT_FLAGS = '$(inherited)'; };
            name = Release;
        };
        __Dependency_NodeTestSuite = {
            isa = PBXTargetDependency;
            target = ______Target_NodeTestSuite;
        };
        _______Group_NodeFoundationTestSuite = {
            isa = PBXGroup;
            name = NodeFoundationTestSuite;
            path = 'Tests/NodeFoundation';
            sourceTree = '<group>';
            children = ('__PBXFileRef_Tests/NodeFoundation/Node+Foundation.swift');
        };
        '__PBXFileRef_Tests/NodeFoundation/Node+Foundation.swift' = {
            isa = PBXFileReference;
            lastKnownFileType = sourcecode.swift;
            name = 'Node+Foundation.swift';
            sourceTree = '<group>';
        };
        ______Target_NodeFoundationTestSuite = {
            isa = PBXNativeTarget;
            buildConfigurationList = _______Confs_NodeFoundationTestSuite;
            buildPhases = (CompilePhase_NodeFoundationTestSuite, ___LinkPhase_NodeFoundationTestSuite);
            buildRules = ();
            dependencies = (__Dependency_NodeFoundation);
            name = NodeFoundationTestSuite;
            productName = NodeFoundationTestSuite;
            productReference = _____Product_NodeFoundationTestSuite;
            productType = 'com.apple.product-type.bundle.unit-test';
        };
        _____Product_NodeFoundationTestSuite = {
            isa = PBXFileReference;
            explicitFileType = 'compiled.mach-o.wrapper.cfbundle';
            path = 'NodeFoundationTestSuite.xctest';
            sourceTree = BUILT_PRODUCTS_DIR;
        };
        CompilePhase_NodeFoundationTestSuite = {
            isa = PBXSourcesBuildPhase;
            files = ('__src_cc_ref_Tests/NodeFoundation/Node+Foundation.swift');
            runOnlyForDeploymentPostprocessing = 0;
        };
        '__src_cc_ref_Tests/NodeFoundation/Node+Foundation.swift' = {
            isa = PBXBuildFile;
            fileRef = '__PBXFileRef_Tests/NodeFoundation/Node+Foundation.swift';
        };
        ___LinkPhase_NodeFoundationTestSuite = {
            isa = PBXFrameworksBuildPhase;
            files = (_LinkFileRef_NodeFoundation_via_NodeFoundationTestSuite, _LinkFileRef_Node_via_NodeFoundationTestSuite);
            runOnlyForDeploymentPostprocessing = 0;
        };
        _LinkFileRef_NodeFoundation_via_NodeFoundationTestSuite = {
            isa = PBXBuildFile;
            fileRef = _____Product_NodeFoundation;
        };
        _LinkFileRef_Node_via_NodeFoundationTestSuite = {
            isa = PBXBuildFile;
            fileRef = _____Product_Node;
        };
        _______Confs_NodeFoundationTestSuite = {
            isa = XCConfigurationList;
            buildConfigurations = (___DebugConf_NodeFoundationTestSuite, _ReleaseConf_NodeFoundationTestSuite);
            defaultConfigurationIsVisible = 0;
            defaultConfigurationName = Debug;
        };
        ___DebugConf_NodeFoundationTestSuite = {
            isa = XCBuildConfiguration;
            buildSettings = { LD_RUNPATH_SEARCH_PATHS = '@loader_path/../Frameworks'; EMBEDDED_CONTENT_CONTAINS_SWIFT = 'YES'; OTHER_LDFLAGS = '$(inherited)'; OTHER_SWIFT_FLAGS = '$(inherited)'; SWIFT_OPTIMIZATION_LEVEL = '-Onone'; };
            name = Debug;
        };
        _ReleaseConf_NodeFoundationTestSuite = {
            isa = XCBuildConfiguration;
            buildSettings = { LD_RUNPATH_SEARCH_PATHS = '@loader_path/../Frameworks'; EMBEDDED_CONTENT_CONTAINS_SWIFT = 'YES'; OTHER_LDFLAGS = '$(inherited)'; OTHER_SWIFT_FLAGS = '$(inherited)'; };
            name = Release;
        };
        __Dependency_NodeFoundationTestSuite = {
            isa = PBXTargetDependency;
            target = ______Target_NodeFoundationTestSuite;
        };
        '__PBXFileRef_Node.xcodeproj/Configs/Project.xcconfig' = {
            isa = PBXFileReference;
            lastKnownFileType = text.xcconfig;
            name = 'Project.xcconfig';
            path = 'Node.xcodeproj/Configs/Project.xcconfig';
            sourceTree = '<group>';
        };
        _____Configs_ = {
            isa = PBXGroup;
            children = ('__PBXFileRef_Node.xcodeproj/Configs/Project.xcconfig');
            name = Configs;
            sourceTree = '<group>';
        };
        _____Sources_ = {
            isa = PBXGroup;
            children = (_______Group_Node, _______Group_NodeFoundation);
            name = Sources;
            sourceTree = '<group>';
        };
        _______Tests_ = {
            isa = PBXGroup;
            children = (_______Group_NodeTestSuite, _______Group_NodeFoundationTestSuite);
            name = Tests;
            sourceTree = '<group>';
        };
       TestProducts_ = {
            isa = PBXGroup;
            children = (_____Product_NodeTestSuite, _____Product_NodeFoundationTestSuite);
            name = Tests;
            sourceTree = '<group>';
        };
        ____Products_ = {
            isa = PBXGroup;
            children = (TestProducts_, _____Product_Node, _____Product_NodeFoundation);
            name = Products;
            sourceTree = '<group>';
        };
        _______Debug_ = {
            isa = XCBuildConfiguration;
            baseConfigurationReference = '__PBXFileRef_Node.xcodeproj/Configs/Project.xcconfig';
            buildSettings = {};
            name = Debug;
        };
        _____Release_ = {
            isa = XCBuildConfiguration;
            baseConfigurationReference = '__PBXFileRef_Node.xcodeproj/Configs/Project.xcconfig';
            buildSettings = {};
            name = Release;
        };
        ___RootConfs_ = {
            isa = XCConfigurationList;
            buildConfigurations = (_______Debug_, _____Release_);
            defaultConfigurationIsVisible = 0;
            defaultConfigurationName = Debug;
        };
    };
}
